
Microsoft Visual Studio Solution File, Format Version 12.00
# Visual Studio Version 17
VisualStudioVersion = 17.2.32210.308
MinimumVisualStudioVersion = 10.0.40219.1
Project("{FAE04EC0-301F-11D3-BF4B-00C04F79EFBC}") = "TCPListener", "TCPListener\TCPListener.csproj", "{4980529F-B1FB-4B35-91E1-60830E6BDD39}"
EndProject
Global
	GlobalSection(SolutionConfigurationPlatforms) = preSolution
		Debug|Any CPU = Debug|Any CPU
		Release|Any CPU = Release|Any CPU
	EndGlobalSection
	GlobalSection(ProjectConfigurationPlatforms) = postSolution
		{4980529F-B1FB-4B35-91E1-60830E6BDD39}.Debug|Any CPU.ActiveCfg = Debug|Any CPU
		{4980529F-B1FB-4B35-91E1-60830E6BDD39}.Debug|Any CPU.Build.0 = Debug|Any CPU
		{4980529F-B1FB-4B35-91E1-60830E6BDD39}.Release|Any CPU.ActiveCfg = Release|Any CPU
		{4980529F-B1FB-4B35-91E1-60830E6BDD39}.Release|Any CPU.Build.0 = Release|Any CPU
	EndGlobalSection
	GlobalSection(SolutionProperties) = preSolution
		HideSolutionNode = FALSE
	EndGlobalSection
	GlobalSection(ExtensibilityGlobals) = postSolution
		SolutionGuid = {56513447-CB10-4BD5-BF1E-DF6745A664DF}
	EndGlobalSection
EndGlobal
